
Microsoft Visual Studio Solution File, Format Version 12.00
# Visual Studio Version 17
VisualStudioVersion = 17.10.34928.147
MinimumVisualStudioVersion = 10.0.40219.1
Project("{FAE04EC0-301F-11D3-BF4B-00C04F79EFBC}") = "VehicleService", "VehicleService\VehicleService.csproj", "{5DAFF3FD-21D4-4E5A-975C-DD45A7992C07}"
EndProject
Global
	GlobalSection(SolutionConfigurationPlatforms) = preSolution
		Debug|Any CPU = Debug|Any CPU
		Release|Any CPU = Release|Any CPU
	EndGlobalSection
	GlobalSection(ProjectConfigurationPlatforms) = postSolution
		{5DAFF3FD-21D4-4E5A-975C-DD45A7992C07}.Debug|Any CPU.ActiveCfg = Debug|Any CPU
		{5DAFF3FD-21D4-4E5A-975C-DD45A7992C07}.Debug|Any CPU.Build.0 = Debug|Any CPU
		{5DAFF3FD-21D4-4E5A-975C-DD45A7992C07}.Release|Any CPU.ActiveCfg = Release|Any CPU
		{5DAFF3FD-21D4-4E5A-975C-DD45A7992C07}.Release|Any CPU.Build.0 = Release|Any CPU
	EndGlobalSection
	GlobalSection(SolutionProperties) = preSolution
		HideSolutionNode = FALSE
	EndGlobalSection
	GlobalSection(ExtensibilityGlobals) = postSolution
		SolutionGuid = {764D9F0B-0A38-46A3-83C5-DF28509E2951}
	EndGlobalSection
EndGlobal
